
Microsoft Visual Studio Solution File, Format Version 12.00
# Visual Studio Version 16
VisualStudioVersion = 16.0.30114.105
MinimumVisualStudioVersion = 10.0.40219.1
Project("{2150E333-8FDC-42A3-9474-1A3956D46DE8}") = "src", "src", "{CCE4B0A1-3038-410E-9718-170764C3ED6C}"
EndProject
Project("{FAE04EC0-301F-11D3-BF4B-00C04F79EFBC}") = "PoetryRandomizer", "src\PoetryRandomizer\PoetryRandomizer.csproj", "{24749A51-FAE4-413E-80A8-79989D99AA5A}"
EndProject
Global
	GlobalSection(SolutionConfigurationPlatforms) = preSolution
		Debug|Any CPU = Debug|Any CPU
		Release|Any CPU = Release|Any CPU
	EndGlobalSection
	GlobalSection(SolutionProperties) = preSolution
		HideSolutionNode = FALSE
	EndGlobalSection
	GlobalSection(ProjectConfigurationPlatforms) = postSolution
		{24749A51-FAE4-413E-80A8-79989D99AA5A}.Debug|Any CPU.ActiveCfg = Debug|Any CPU
		{24749A51-FAE4-413E-80A8-79989D99AA5A}.Debug|Any CPU.Build.0 = Debug|Any CPU
		{24749A51-FAE4-413E-80A8-79989D99AA5A}.Release|Any CPU.ActiveCfg = Release|Any CPU
		{24749A51-FAE4-413E-80A8-79989D99AA5A}.Release|Any CPU.Build.0 = Release|Any CPU
	EndGlobalSection
	GlobalSection(NestedProjects) = preSolution
		{24749A51-FAE4-413E-80A8-79989D99AA5A} = {CCE4B0A1-3038-410E-9718-170764C3ED6C}
	EndGlobalSection
EndGlobal
